// !$*UTF8*$!
{
	archiveVersion = 1;
	classes = {
	};
	objectVersion = 46;
	objects = {

/* Begin PBXBuildFile section */
		651BDA7A1BFFDB7500B44533 /* AppDelegate.swift in Sources */ = {isa = PBXBuildFile; fileRef = 651BDA791BFFDB7500B44533 /* AppDelegate.swift */; };
		651BDA7C1BFFDB7500B44533 /* ViewController.swift in Sources */ = {isa = PBXBuildFile; fileRef = 651BDA7B1BFFDB7500B44533 /* ViewController.swift */; };
		651BDA7F1BFFDB7500B44533 /* Main.storyboard in Resources */ = {isa = PBXBuildFile; fileRef = 651BDA7D1BFFDB7500B44533 /* Main.storyboard */; };
		651BDA811BFFDB7500B44533 /* Assets.xcassets in Resources */ = {isa = PBXBuildFile; fileRef = 651BDA801BFFDB7500B44533 /* Assets.xcassets */; };
		651BDA841BFFDB7500B44533 /* LaunchScreen.storyboard in Resources */ = {isa = PBXBuildFile; fileRef = 651BDA821BFFDB7500B44533 /* LaunchScreen.storyboard */; };
/* End PBXBuildFile section */

/* Begin PBXFileReference section */
		651BDA761BFFDB7500B44533 /* SuperCool.app */ = {isa = PBXFileReference; explicitFileType = wrapper.application; includeInIndex = 0; path = SuperCool.app; sourceTree = BUILT_PRODUCTS_DIR; };
		651BDA791BFFDB7500B44533 /* AppDelegate.swift */ = {isa = PBXFileReference; lastKnownFileType = sourcecode.swift; path = AppDelegate.swift; sourceTree = "<group>"; };
		651BDA7B1BFFDB7500B44533 /* ViewController.swift */ = {isa = PBXFileReference; lastKnownFileType = sourcecode.swift; path = ViewController.swift; sourceTree = "<group>"; };
		651BDA7E1BFFDB7500B44533 /* Base */ = {isa = PBXFileReference; lastKnownFileType = file.storyboard; name = Base; path = Base.lproj/Main.storyboard; sourceTree = "<group>"; };
		651BDA801BFFDB7500B44533 /* Assets.xcassets */ = {isa = PBXFileReference; lastKnownFileType = folder.assetcatalog; path = Assets.xcassets; sourceTree = "<group>"; };
		651BDA831BFFDB7500B44533 /* Base */ = {isa = PBXFileReference; lastKnownFileType = file.storyboard; name = Base; path = Base.lproj/LaunchScreen.storyboard; sourceTree = "<group>"; };
		651BDA851BFFDB7500B44533 /* Info.plist */ = {isa = PBXFileReference; lastKnownFileType = text.plist.xml; path = Info.plist; sourceTree = "<group>"; };
/* End PBXFileReference section */

/* Begin PBXFrameworksBuildPhase section */
		651BDA731BFFDB7500B44533 /* Frameworks */ = {
			isa = PBXFrameworksBuildPhase;
			buildActionMask = 2147483647;
			files = (
			);
			runOnlyForDeploymentPostprocessing = 0;
		};
/* End PBXFrameworksBuildPhase section */

/* Begin PBXGroup section */
		651BDA6D1BFFDB7500B44533 = {
			isa = PBXGroup;
			children = (
				651BDA781BFFDB7500B44533 /* SuperCool */,
				651BDA771BFFDB7500B44533 /* Products */,
			);
			sourceTree = "<group>";
		};
		651BDA771BFFDB7500B44533 /* Products */ = {
			isa = PBXGroup;
			children = (
				651BDA761BFFDB7500B44533 /* SuperCool.app */,
			);
			name = Products;
			sourceTree = "<group>";
		};
		651BDA781BFFDB7500B44533 /* SuperCool */ = {
			isa = PBXGroup;
			children = (
				651BDA791BFFDB7500B44533 /* AppDelegate.swift */,
				651BDA7B1BFFDB7500B44533 /* ViewController.swift */,
				651BDA7D1BFFDB7500B44533 /* Main.storyboard */,
				651BDA801BFFDB7500B44533 /* Assets.xcassets */,
				651BDA821BFFDB7500B44533 /* LaunchScreen.storyboard */,
				651BDA851BFFDB7500B44533 /* Info.plist */,
			);
			path = SuperCool;
			sourceTree = "<group>";
		};
/* End PBXGroup section */

/* Begin PBXNativeTarget section */
		651BDA751BFFDB7500B44533 /* SuperCool */ = {
			isa = PBXNativeTarget;
			buildConfigurationList = 651BDA881BFFDB7500B44533 /* Build configuration list for PBXNativeTarget "SuperCool" */;
			buildPhases = (
				651BDA721BFFDB7500B44533 /* Sources */,
				651BDA731BFFDB7500B44533 /* Frameworks */,
				651BDA741BFFDB7500B44533 /* Resources */,
			);
			buildRules = (
			);
			dependencies = (
			);
			name = SuperCool;
			productName = SuperCool;
			productReference = 651BDA761BFFDB7500B44533 /* SuperCool.app */;
			productType = "com.apple.product-type.application";
		};
/* End PBXNativeTarget section */

/* Begin PBXProject section */
		651BDA6E1BFFDB7500B44533 /* Project object */ = {
			isa = PBXProject;
			attributes = {
				LastSwiftUpdateCheck = 0710;
				LastUpgradeCheck = 0710;
				ORGANIZATIONNAME = "Andrea Di Stefano";
				TargetAttributes = {
					651BDA751BFFDB7500B44533 = {
						CreatedOnToolsVersion = 7.1.1;
						DevelopmentTeam = 78XC3ZJ4F6;
					};
				};
			};
			buildConfigurationList = 651BDA711BFFDB7500B44533 /* Build configuration list for PBXProject "SuperCool" */;
			compatibilityVersion = "Xcode 3.2";
			developmentRegion = English;
			hasScannedForEncodings = 0;
			knownRegions = (
				en,
				Base,
			);
			mainGroup = 651BDA6D1BFFDB7500B44533;
			productRefGroup = 651BDA771BFFDB7500B44533 /* Products */;
			projectDirPath = "";
			projectRoot = "";
			targets = (
				651BDA751BFFDB7500B44533 /* SuperCool */,
			);
		};
/* End PBXProject section */

/* Begin PBXResourcesBuildPhase section */
		651BDA741BFFDB7500B44533 /* Resources */ = {
			isa = PBXResourcesBuildPhase;
			buildActionMask = 2147483647;
			files = (
				651BDA841BFFDB7500B44533 /* LaunchScreen.storyboard in Resources */,
				651BDA811BFFDB7500B44533 /* Assets.xcassets in Resources */,
				651BDA7F1BFFDB7500B44533 /* Main.storyboard in Resources */,
			);
			runOnlyForDeploymentPostprocessing = 0;
		};
/* End PBXResourcesBuildPhase section */

/* Begin PBXSourcesBuildPhase section */
		651BDA721BFFDB7500B44533 /* Sources */ = {
			isa = PBXSourcesBuildPhase;
			buildActionMask = 2147483647;
			files = (
				651BDA7C1BFFDB7500B44533 /* ViewController.swift in Sources */,
				651BDA7A1BFFDB7500B44533 /* AppDelegate.swift in Sources */,
			);
			runOnlyForDeploymentPostprocessing = 0;
		};
/* End PBXSourcesBuildPhase section */

/* Begin PBXVariantGroup section */
		651BDA7D1BFFDB7500B44533 /* Main.storyboard */ = {
			isa = PBXVariantGroup;
			children = (
				651BDA7E1BFFDB7500B44533 /* Base */,
			);
			name = Main.storyboard;
			sourceTree = "<group>";
		};
		651BDA821BFFDB7500B44533 /* LaunchScreen.storyboard */ = {
			isa = PBXVariantGroup;
			children = (
				651BDA831BFFDB7500B44533 /* Base */,
			);
			name = LaunchScreen.storyboard;
			sourceTree = "<group>";
		};
/* End PBXVariantGroup section */

/* Begin XCBuildConfiguration section */
		651BDA861BFFDB7500B44533 /* Debug */ = {
			isa = XCBuildConfiguration;
			buildSettings = {
				ALWAYS_SEARCH_USER_PATHS = NO;
				CLANG_CXX_LANGUAGE_STANDARD = "gnu++0x";
				CLANG_CXX_LIBRARY = "libc++";
				CLANG_ENABLE_MODULES = YES;
				CLANG_ENABLE_OBJC_ARC = YES;
				CLANG_WARN_BOOL_CONVERSION = YES;
				CLANG_WARN_CONSTANT_CONVERSION = YES;
				CLANG_WARN_DIRECT_OBJC_ISA_USAGE = YES_ERROR;
				CLANG_WARN_EMPTY_BODY = YES;
				CLANG_WARN_ENUM_CONVERSION = YES;
				CLANG_WARN_INT_CONVERSION = YES;
				CLANG_WARN_OBJC_ROOT_CLASS = YES_ERROR;
				CLANG_WARN_UNREACHABLE_CODE = YES;
				CLANG_WARN__DUPLICATE_METHOD_MATCH = YES;
				"CODE_SIGN_IDENTITY[sdk=iphoneos*]" = "iPhone Developer";
				COPY_PHASE_STRIP = NO;
				DEBUG_INFORMATION_FORMAT = dwarf;
				ENABLE_STRICT_OBJC_MSGSEND = YES;
				ENABLE_TESTABILITY = YES;
				GCC_C_LANGUAGE_STANDARD = gnu99;
				GCC_DYNAMIC_NO_PIC = NO;
				GCC_NO_COMMON_BLOCKS = YES;
				GCC_OPTIMIZATION_LEVEL = 0;
				GCC_PREPROCESSOR_DEFINITIONS = (
					"DEBUG=1",
					"$(inherited)",
				);
				GCC_WARN_64_TO_32_BIT_CONVERSION = YES;
				GCC_WARN_ABOUT_RETURN_TYPE = YES_ERROR;
				GCC_WARN_UNDECLARED_SELECTOR = YES;
				GCC_WARN_UNINITIALIZED_AUTOS = YES_AGGRESSIVE;
				GCC_WARN_UNUSED_FUNCTION = YES;
				GCC_WARN_UNUSED_VARIABLE = YES;
				IPHONEOS_DEPLOYMENT_TARGET = 9.1;
				MTL_ENABLE_DEBUG_INFO = YES;
				ONLY_ACTIVE_ARCH = YES;
				SDKROOT = iphoneos;
				SWIFT_OPTIMIZATION_LEVEL = "-Onone";
			};
			name = Debug;
		};
		651BDA871BFFDB7500B44533 /* Release */ = {
			isa = XCBuildConfiguration;
			buildSettings = {
				ALWAYS_SEARCH_USER_PATHS = NO;
				CLANG_CXX_LANGUAGE_STANDARD = "gnu++0x";
				CLANG_CXX_LIBRARY = "libc++";
				CLANG_ENABLE_MODULES = YES;
				CLANG_ENABLE_OBJC_ARC = YES;
				CLANG_WARN_BOOL_CONVERSION = YES;
				CLANG_WARN_CONSTANT_CONVERSION = YES;
				CLANG_WARN_DIRECT_OBJC_ISA_USAGE = YES_ERROR;
				CLANG_WARN_EMPTY_BODY = YES;
				CLANG_WARN_ENUM_CONVERSION = YES;
				CLANG_WARN_INT_CONVERSION = YES;
				CLANG_WARN_OBJC_ROOT_CLASS = YES_ERROR;
				CLANG_WARN_UNREACHABLE_CODE = YES;
				CLANG_WARN__DUPLICATE_METHOD_MATCH = YES;
				"CODE_SIGN_IDENTITY[sdk=iphoneos*]" = "iPhone Developer";
				COPY_PHASE_STRIP = NO;
				DEBUG_INFORMATION_FORMAT = "dwarf-with-dsym";
				ENABLE_NS_ASSERTIONS = NO;
				ENABLE_STRICT_OBJC_MSGSEND = YES;
				GCC_C_LANGUAGE_STANDARD = gnu99;
				GCC_NO_COMMON_BLOCKS = YES;
				GCC_WARN_64_TO_32_BIT_CONVERSION = YES;
				GCC_WARN_ABOUT_RETURN_TYPE = YES_ERROR;
				GCC_WARN_UNDECLARED_SELECTOR = YES;
				GCC_WARN_UNINITIALIZED_AUTOS = YES_AGGRESSIVE;
				GCC_WARN_UNUSED_FUNCTION = YES;
				GCC_WARN_UNUSED_VARIABLE = YES;
				IPHONEOS_DEPLOYMENT_TARGET = 9.1;
				MTL_ENABLE_DEBUG_INFO = NO;
				SDKROOT = iphoneos;
				VALIDATE_PRODUCT = YES;
			};
			name = Release;
		};
		651BDA891BFFDB7500B44533 /* Debug */ = {
			isa = XCBuildConfiguration;
			buildSettings = {
				ASSETCATALOG_COMPILER_APPICON_NAME = AppIcon;
				CODE_SIGN_IDENTITY = "iPhone Developer";
				"CODE_SIGN_IDENTITY[sdk=iphoneos*]" = "iPhone Developer";
				INFOPLIST_FILE = SuperCool/Info.plist;
				LD_RUNPATH_SEARCH_PATHS = "$(inherited) @executable_path/Frameworks";
				PRODUCT_BUNDLE_IDENTIFIER = com.iGatto.SuperCool;
				PRODUCT_NAME = "$(TARGET_NAME)";
				PROVISIONING_PROFILE = "";
			};
			name = Debug;
		};
		651BDA8A1BFFDB7500B44533 /* Release */ = {
			isa = XCBuildConfiguration;
			buildSettings = {
				ASSETCATALOG_COMPILER_APPICON_NAME = AppIcon;
				CODE_SIGN_IDENTITY = "iPhone Developer";
				"CODE_SIGN_IDENTITY[sdk=iphoneos*]" = "iPhone Developer";
				INFOPLIST_FILE = SuperCool/Info.plist;
				LD_RUNPATH_SEARCH_PATHS = "$(inherited) @executable_path/Frameworks";
				PRODUCT_BUNDLE_IDENTIFIER = com.iGatto.SuperCool;
				PRODUCT_NAME = "$(TARGET_NAME)";
				PROVISIONING_PROFILE = "";
			};
			name = Release;
		};
/* End XCBuildConfiguration section */

/* Begin XCConfigurationList section */
		651BDA711BFFDB7500B44533 /* Build configuration list for PBXProject "SuperCool" */ = {
			isa = XCConfigurationList;
			buildConfigurations = (
				651BDA861BFFDB7500B44533 /* Debug */,
				651BDA871BFFDB7500B44533 /* Release */,
			);
			defaultConfigurationIsVisible = 0;
			defaultConfigurationName = Release;
		};
		651BDA881BFFDB7500B44533 /* Build configuration list for PBXNativeTarget "SuperCool" */ = {
			isa = XCConfigurationList;
			buildConfigurations = (
				651BDA891BFFDB7500B44533 /* Debug */,
				651BDA8A1BFFDB7500B44533 /* Release */,
			);
			defaultConfigurationIsVisible = 0;
		};
/* End XCConfigurationList section */
	};
	rootObject = 651BDA6E1BFFDB7500B44533 /* Project object */;
}
